{
    "_meta": {
        "hash": {
            "sha256": "7a4ad185d06d74edea5b9c8e6c473c26bb5add7ec4a642ca9533685bebe731fe"
        },
        "pipfile-spec": 6,
        "requires": {
            "python_version": "3.7"
        },
        "sources": [
            {
                "name": "pypi",
                "url": "https://pypi.org/simple",
                "verify_ssl": true
            }
        ]
    },
    "default": {
        "asgiref": {
            "hashes": [
                "sha256:4ef1ab46b484e3c706329cedeff284a5d40824200638503f5768edb6de7d58e9",
                "sha256:ffc141aa908e6f175673e7b1b3b7af4fdb0ecb738fc5c8b88f69f055c2415214"
            ],
            "version": "==3.4.1"
        },
        "brotli": {
            "hashes": [
                "sha256:160c78292e98d21e73a4cc7f76a234390e516afcd982fa17e1422f7c6a9ce9c8",
                "sha256:16d528a45c2e1909c2798f27f7bf0a3feec1dc9e50948e738b961618e38b6a7b",
                "sha256:19598ecddd8a212aedb1ffa15763dd52a388518c4550e615aed88dc3753c0f0c",
                "sha256:1c48472a6ba3b113452355b9af0a60da5c2ae60477f8feda8346f8fd48e3e87c",
                "sha256:268fe94547ba25b58ebc724680609c8ee3e5a843202e9a381f6f9c5e8bdb5c70",
                "sha256:269a5743a393c65db46a7bb982644c67ecba4b8d91b392403ad8a861ba6f495f",
                "sha256:26d168aac4aaec9a4394221240e8a5436b5634adc3cd1cdf637f6645cecbf181",
                "sha256:29d1d350178e5225397e28ea1b7aca3648fcbab546d20e7475805437bfb0a130",
                "sha256:2aad0e0baa04517741c9bb5b07586c642302e5fb3e75319cb62087bd0995ab19",
                "sha256:35a3edbe18e876e596553c4007a087f8bcfd538f19bc116917b3c7522fca0429",
                "sha256:3b78a24b5fd13c03ee2b7b86290ed20efdc95da75a3557cc06811764d5ad1126",
                "sha256:40d15c79f42e0a2c72892bf407979febd9cf91f36f495ffb333d1d04cebb34e4",
                "sha256:44bb8ff420c1d19d91d79d8c3574b8954288bdff0273bf788954064d260d7ab0",
                "sha256:4d1b810aa0ed773f81dceda2cc7b403d01057458730e309856356d4ef4188438",
                "sha256:503fa6af7da9f4b5780bb7e4cbe0c639b010f12be85d02c99452825dd0feef3f",
                "sha256:56d027eace784738457437df7331965473f2c0da2c70e1a1f6fdbae5402e0389",
                "sha256:5913a1177fc36e30fcf6dc868ce23b0453952c78c04c266d3149b3d39e1410d6",
                "sha256:5b6ef7d9f9c38292df3690fe3e302b5b530999fa90014853dcd0d6902fb59f26",
                "sha256:5cb1e18167792d7d21e21365d7650b72d5081ed476123ff7b8cac7f45189c0c7",
                "sha256:61a7ee1f13ab913897dac7da44a73c6d44d48a4adff42a5701e3239791c96e14",
                "sha256:622a231b08899c864eb87e85f81c75e7b9ce05b001e59bbfbf43d4a71f5f32b2",
                "sha256:68715970f16b6e92c574c30747c95cf8cf62804569647386ff032195dc89a430",
                "sha256:6b2ae9f5f67f89aade1fab0f7fd8f2832501311c363a21579d02defa844d9296",
                "sha256:6c772d6c0a79ac0f414a9f8947cc407e119b8598de7621f39cacadae3cf57d12",
                "sha256:76ffebb907bec09ff511bb3acc077695e2c32bc2142819491579a695f77ffd4d",
                "sha256:7cb81373984cc0e4682f31bc3d6be9026006d96eecd07ea49aafb06897746452",
                "sha256:7ee83d3e3a024a9618e5be64648d6d11c37047ac48adff25f12fa4226cf23d1c",
                "sha256:854c33dad5ba0fbd6ab69185fec8dab89e13cda6b7d191ba111987df74f38761",
                "sha256:87fdccbb6bb589095f413b1e05734ba492c962b4a45a13ff3408fa44ffe6479b",
                "sha256:88c63a1b55f352b02c6ffd24b15ead9fc0e8bf781dbe070213039324922a2eea",
                "sha256:8a674ac10e0a87b683f4fa2b6fa41090edfd686a6524bd8dedbd6138b309175c",
                "sha256:93130612b837103e15ac3f9cbacb4613f9e348b58b3aad53721d92e57f96d46a",
                "sha256:9744a863b489c79a73aba014df554b0e7a0fc44ef3f8a0ef2a52919c7d155031",
                "sha256:9749a124280a0ada4187a6cfd1ffd35c350fb3af79c706589d98e088c5044267",
                "sha256:97f715cf371b16ac88b8c19da00029804e20e25f30d80203417255d239f228b5",
                "sha256:9bf919756d25e4114ace16a8ce91eb340eb57a08e2c6950c3cebcbe3dff2a5e7",
                "sha256:9d12cf2851759b8de8ca5fde36a59c08210a97ffca0eb94c532ce7b17c6a3d1d",
                "sha256:a72661af47119a80d82fa583b554095308d6a4c356b2a554fdc2799bc19f2a43",
                "sha256:afde17ae04d90fbe53afb628f7f2d4ca022797aa093e809de5c3cf276f61bbfa",
                "sha256:b663f1e02de5d0573610756398e44c130add0eb9a3fc912a09665332942a2efb",
                "sha256:c2415d9d082152460f2bd4e382a1e85aed233abc92db5a3880da2257dc7daf7b",
                "sha256:c83aa123d56f2e060644427a882a36b3c12db93727ad7a7b9efd7d7f3e9cc2c4",
                "sha256:cfc391f4429ee0a9370aa93d812a52e1fee0f37a81861f4fdd1f4fb28e8547c3",
                "sha256:db844eb158a87ccab83e868a762ea8024ae27337fc7ddcbfcddd157f841fdfe7",
                "sha256:defed7ea5f218a9f2336301e6fd379f55c655bea65ba2476346340a0ce6f74a1",
                "sha256:e16eb9541f3dd1a3e92b89005e37b1257b157b7256df0e36bd7b33b50be73bcb",
                "sha256:f909bbbc433048b499cb9db9e713b5d8d949e8c109a2a548502fb9aa8630f0b1"
            ],
            "version": "==1.0.9"
        },
        "cffi": {
            "hashes": [
                "sha256:00c878c90cb53ccfaae6b8bc18ad05d2036553e6d9d1d9dbcf323bbe83854ca3",
                "sha256:0104fb5ae2391d46a4cb082abdd5c69ea4eab79d8d44eaaf79f1b1fd806ee4c2",
                "sha256:06c48159c1abed75c2e721b1715c379fa3200c7784271b3c46df01383b593636",
                "sha256:0808014eb713677ec1292301ea4c81ad277b6cdf2fdd90fd540af98c0b101d20",
                "sha256:10dffb601ccfb65262a27233ac273d552ddc4d8ae1bf93b21c94b8511bffe728",
                "sha256:14cd121ea63ecdae71efa69c15c5543a4b5fbcd0bbe2aad864baca0063cecf27",
                "sha256:17771976e82e9f94976180f76468546834d22a7cc404b17c22df2a2c81db0c66",
                "sha256:181dee03b1170ff1969489acf1c26533710231c58f95534e3edac87fff06c443",
                "sha256:23cfe892bd5dd8941608f93348c0737e369e51c100d03718f108bf1add7bd6d0",
                "sha256:263cc3d821c4ab2213cbe8cd8b355a7f72a8324577dc865ef98487c1aeee2bc7",
                "sha256:2756c88cbb94231c7a147402476be2c4df2f6078099a6f4a480d239a8817ae39",
                "sha256:27c219baf94952ae9d50ec19651a687b826792055353d07648a5695413e0c605",
                "sha256:2a23af14f408d53d5e6cd4e3d9a24ff9e05906ad574822a10563efcef137979a",
                "sha256:31fb708d9d7c3f49a60f04cf5b119aeefe5644daba1cd2a0fe389b674fd1de37",
                "sha256:3415c89f9204ee60cd09b235810be700e993e343a408693e80ce7f6a40108029",
                "sha256:3773c4d81e6e818df2efbc7dd77325ca0dcb688116050fb2b3011218eda36139",
                "sha256:3b96a311ac60a3f6be21d2572e46ce67f09abcf4d09344c49274eb9e0bf345fc",
                "sha256:3f7d084648d77af029acb79a0ff49a0ad7e9d09057a9bf46596dac9514dc07df",
                "sha256:41d45de54cd277a7878919867c0f08b0cf817605e4eb94093e7516505d3c8d14",
                "sha256:4238e6dab5d6a8ba812de994bbb0a79bddbdf80994e4ce802b6f6f3142fcc880",
                "sha256:45db3a33139e9c8f7c09234b5784a5e33d31fd6907800b316decad50af323ff2",
                "sha256:45e8636704eacc432a206ac7345a5d3d2c62d95a507ec70d62f23cd91770482a",
                "sha256:4958391dbd6249d7ad855b9ca88fae690783a6be9e86df65865058ed81fc860e",
                "sha256:4a306fa632e8f0928956a41fa8e1d6243c71e7eb59ffbd165fc0b41e316b2474",
                "sha256:57e9ac9ccc3101fac9d6014fba037473e4358ef4e89f8e181f8951a2c0162024",
                "sha256:59888172256cac5629e60e72e86598027aca6bf01fa2465bdb676d37636573e8",
                "sha256:5e069f72d497312b24fcc02073d70cb989045d1c91cbd53979366077959933e0",
                "sha256:64d4ec9f448dfe041705426000cc13e34e6e5bb13736e9fd62e34a0b0c41566e",
                "sha256:6dc2737a3674b3e344847c8686cf29e500584ccad76204efea14f451d4cc669a",
                "sha256:74fdfdbfdc48d3f47148976f49fab3251e550a8720bebc99bf1483f5bfb5db3e",
                "sha256:75e4024375654472cc27e91cbe9eaa08567f7fbdf822638be2814ce059f58032",
                "sha256:786902fb9ba7433aae840e0ed609f45c7bcd4e225ebb9c753aa39725bb3e6ad6",
                "sha256:8b6c2ea03845c9f501ed1313e78de148cd3f6cad741a75d43a29b43da27f2e1e",
                "sha256:91d77d2a782be4274da750752bb1650a97bfd8f291022b379bb8e01c66b4e96b",
                "sha256:91ec59c33514b7c7559a6acda53bbfe1b283949c34fe7440bcf917f96ac0723e",
                "sha256:920f0d66a896c2d99f0adbb391f990a84091179542c205fa53ce5787aff87954",
                "sha256:a5263e363c27b653a90078143adb3d076c1a748ec9ecc78ea2fb916f9b861962",
                "sha256:abb9a20a72ac4e0fdb50dae135ba5e77880518e742077ced47eb1499e29a443c",
                "sha256:c2051981a968d7de9dd2d7b87bcb9c939c74a34626a6e2f8181455dd49ed69e4",
                "sha256:c21c9e3896c23007803a875460fb786118f0cdd4434359577ea25eb556e34c55",
                "sha256:c2502a1a03b6312837279c8c1bd3ebedf6c12c4228ddbad40912d671ccc8a962",
                "sha256:d4d692a89c5cf08a8557fdeb329b82e7bf609aadfaed6c0d79f5a449a3c7c023",
                "sha256:da5db4e883f1ce37f55c667e5c0de439df76ac4cb55964655906306918e7363c",
                "sha256:e7022a66d9b55e93e1a845d8c9eba2a1bebd4966cd8bfc25d9cd07d515b33fa6",
                "sha256:ef1f279350da2c586a69d32fc8733092fd32cc8ac95139a00377841f59a3f8d8",
                "sha256:f54a64f8b0c8ff0b64d18aa76675262e1700f3995182267998c31ae974fbc382",
                "sha256:f5c7150ad32ba43a07c4479f40241756145a1f03b43480e058cfd862bf5041c7",
                "sha256:f6f824dc3bce0edab5f427efcfb1d63ee75b6fcb7282900ccaf925be84efb0fc",
                "sha256:fd8a250edc26254fe5b33be00402e6d287f562b6a5b2152dec302fa15bb3e997",
                "sha256:ffaa5c925128e29efbde7301d8ecaf35c8c60ffbcd6a1ffd3a552177c8e5e796"
            ],
            "version": "==1.15.0"
        },
        "cssselect2": {
            "hashes": [
                "sha256:2f4a9f20965367bae459e3bb42561f7927e0cfe5b7ea1692757cf67ef5d7dace",
                "sha256:93fbb9af860e95dd40bf18c3b2b6ed99189a07c0f29ba76f9c5be71344664ec8"
            ],
            "version": "==0.4.1"
        },
        "django": {
            "hashes": [
                "sha256:42573831292029639b798fe4d3812996bfe4ff3275f04566da90764daec011a5",
                "sha256:f6d2c4069c9b9bfac03bedff927ea1f9e0d29e34525cec8a68fd28eb2a8df7af"
            ],
            "index": "pypi",
            "version": "==3.2.8"
        },
        "fonttools": {
            "extras": [
                "woff"
            ],
            "hashes": [
                "sha256:51ad7ee7ff878bcf75578d07f221bb90e6eaed1def53774249815377e89490e7",
                "sha256:6e483f77dc5b862452c2888ec944fca5b79cffb741c7469786a442360681b4e8"
            ],
            "version": "==4.27.1"
        },
        "html5lib": {
            "hashes": [
                "sha256:0d78f8fde1c230e99fe37986a60526d7049ed4bf8a9fadbad5f00e22e58e041d",
                "sha256:b2e5b40261e20f354d198eae92afc10d750afb487ed5e50f9c4eaf07c184146f"
            ],
            "version": "==1.1"
        },
        "pillow": {
            "hashes": [
                "sha256:0412516dcc9de9b0a1e0ae25a280015809de8270f134cc2c1e32c4eeb397cf30",
                "sha256:04835e68ef12904bc3e1fd002b33eea0779320d4346082bd5b24bec12ad9c3e9",
                "sha256:06d1adaa284696785375fa80a6a8eb309be722cf4ef8949518beb34487a3df71",
                "sha256:085a90a99404b859a4b6c3daa42afde17cb3ad3115e44a75f0d7b4a32f06a6c9",
                "sha256:0b9911ec70731711c3b6ebcde26caea620cbdd9dcb73c67b0730c8817f24711b",
                "sha256:10e00f7336780ca7d3653cf3ac26f068fa11b5a96894ea29a64d3dc4b810d630",
                "sha256:11c27e74bab423eb3c9232d97553111cc0be81b74b47165f07ebfdd29d825875",
                "sha256:11eb7f98165d56042545c9e6db3ce394ed8b45089a67124298f0473b29cb60b2",
                "sha256:13654b521fb98abdecec105ea3fb5ba863d1548c9b58831dd5105bb3873569f1",
                "sha256:15ccb81a6ffc57ea0137f9f3ac2737ffa1d11f786244d719639df17476d399a7",
                "sha256:18a07a683805d32826c09acfce44a90bf474e6a66ce482b1c7fcd3757d588df3",
                "sha256:19ec4cfe4b961edc249b0e04b5618666c23a83bc35842dea2bfd5dfa0157f81b",
                "sha256:1c3ff00110835bdda2b1e2b07f4a2548a39744bb7de5946dc8e95517c4fb2ca6",
                "sha256:27a330bf7014ee034046db43ccbb05c766aa9e70b8d6c5260bfc38d73103b0ba",
                "sha256:2b11c9d310a3522b0fd3c35667914271f570576a0e387701f370eb39d45f08a4",
                "sha256:2c661542c6f71dfd9dc82d9d29a8386287e82813b0375b3a02983feac69ef864",
                "sha256:2cde7a4d3687f21cffdf5bb171172070bb95e02af448c4c8b2f223d783214056",
                "sha256:2d5e9dc0bf1b5d9048a94c48d0813b6c96fccfa4ccf276d9c36308840f40c228",
                "sha256:2f23b2d3079522fdf3c09de6517f625f7a964f916c956527bed805ac043799b8",
                "sha256:35d27687f027ad25a8d0ef45dd5208ef044c588003cdcedf05afb00dbc5c2deb",
                "sha256:35d409030bf3bd05fa66fb5fdedc39c521b397f61ad04309c90444e893d05f7d",
                "sha256:4326ea1e2722f3dc00ed77c36d3b5354b8fb7399fb59230249ea6d59cbed90da",
                "sha256:4abc247b31a98f29e5224f2d31ef15f86a71f79c7f4d2ac345a5d551d6393073",
                "sha256:4d89a2e9219a526401015153c0e9dd48319ea6ab9fe3b066a20aa9aee23d9fd3",
                "sha256:4e59e99fd680e2b8b11bbd463f3c9450ab799305d5f2bafb74fefba6ac058616",
                "sha256:548794f99ff52a73a156771a0402f5e1c35285bd981046a502d7e4793e8facaa",
                "sha256:56fd98c8294f57636084f4b076b75f86c57b2a63a8410c0cd172bc93695ee979",
                "sha256:59697568a0455764a094585b2551fd76bfd6b959c9f92d4bdec9d0e14616303a",
                "sha256:6bff50ba9891be0a004ef48828e012babaaf7da204d81ab9be37480b9020a82b",
                "sha256:6cb3dd7f23b044b0737317f892d399f9e2f0b3a02b22b2c692851fb8120d82c6",
                "sha256:7dbfbc0020aa1d9bc1b0b8bcf255a7d73f4ad0336f8fd2533fcc54a4ccfb9441",
                "sha256:838eb85de6d9307c19c655c726f8d13b8b646f144ca6b3771fa62b711ebf7624",
                "sha256:8b68f565a4175e12e68ca900af8910e8fe48aaa48fd3ca853494f384e11c8bcd",
                "sha256:8f284dc1695caf71a74f24993b7c7473d77bc760be45f776a2c2f4e04c170550",
                "sha256:963ebdc5365d748185fdb06daf2ac758116deecb2277ec5ae98139f93844bc09",
                "sha256:a048dad5ed6ad1fad338c02c609b862dfaa921fcd065d747194a6805f91f2196",
                "sha256:a1bd983c565f92779be456ece2479840ec39d386007cd4ae83382646293d681b",
                "sha256:a66566f8a22561fc1a88dc87606c69b84fa9ce724f99522cf922c801ec68f5c1",
                "sha256:bcb04ff12e79b28be6c9988f275e7ab69f01cc2ba319fb3114f87817bb7c74b6",
                "sha256:bd24054aaf21e70a51e2a2a5ed1183560d3a69e6f9594a4bfe360a46f94eba83",
                "sha256:be25cb93442c6d2f8702c599b51184bd3ccd83adebd08886b682173e09ef0c3f",
                "sha256:c691b26283c3a31594683217d746f1dad59a7ae1d4cfc24626d7a064a11197d4",
                "sha256:cc9d0dec711c914ed500f1d0d3822868760954dce98dfb0b7382a854aee55d19",
                "sha256:ce2e5e04bb86da6187f96d7bab3f93a7877830981b37f0287dd6479e27a10341",
                "sha256:ce651ca46d0202c302a535d3047c55a0131a720cf554a578fc1b8a2aff0e7d96",
                "sha256:d0c8ebbfd439c37624db98f3877d9ed12c137cadd99dde2d2eae0dab0bbfc355",
                "sha256:d675a876b295afa114ca8bf42d7f86b5fb1298e1b6bb9a24405a3f6c8338811c",
                "sha256:dde3f3ed8d00c72631bc19cbfff8ad3b6215062a5eed402381ad365f82f0c18c",
                "sha256:e5a31c07cea5edbaeb4bdba6f2b87db7d3dc0f446f379d907e51cc70ea375629",
                "sha256:f514c2717012859ccb349c97862568fdc0479aad85b0270d6b5a6509dbc142e2",
                "sha256:fc0db32f7223b094964e71729c0361f93db43664dd1ec86d3df217853cedda87",
                "sha256:fd4fd83aa912d7b89b4b4a1580d30e2a4242f3936882a3f433586e5ab97ed0d5",
                "sha256:feb5db446e96bfecfec078b943cc07744cc759893cef045aa8b8b6d6aaa8274e"
            ],
            "version": "==8.3.2"
        },
        "pycparser": {
            "hashes": [
                "sha256:2d475327684562c3a96cc71adf7dc8c4f0565175cf86b6d7a404ff4c771f15f0",
                "sha256:7582ad22678f0fcd81102833f60ef8d0e57288b6b5fb00323d101be910e35705"
            ],
            "version": "==2.20"
        },
        "pydyf": {
            "hashes": [
                "sha256:1a6eb2bb94c49eebe4cbd69c8c3c5664b16857cdf00e8347bff97b40c72a33e8",
                "sha256:6f41dfa8fdb1d55394d95d8b4f9104599ebe7337b6fff90a1dd4d57da0c8de4c"
            ],
            "version": "==0.1.1"
        },
        "pyphen": {
            "hashes": [
                "sha256:e2c3ed82c3a04317df5102addafe89652b0876bc6c6265f5dd4c3efaf02315e8",
                "sha256:e3c1b1d05deaa31acdd78e2e24005402358feb7a4b407c4af7e5cc2e41c4d608"
            ],
            "version": "==0.11.0"
        },
        "pytz": {
            "hashes": [
                "sha256:3672058bc3453457b622aab7a1c3bfd5ab0bdae451512f6cf25f64ed37f5b87c",
                "sha256:acad2d8b20a1af07d4e4c9d2e9285c5ed9104354062f275f3fcd88dcef4f1326"
            ],
            "version": "==2021.3"
        },
        "six": {
            "hashes": [
                "sha256:1e61c37477a1626458e36f7b1d82aa5c9b094fa4802892072e49de9c60c4c926",
                "sha256:8abb2f1d86890a2dfb989f9a77cfcfd3e47c2a354b01111771326f8aa26e0254"
            ],
            "index": "pypi",
            "version": "==1.16.0"
        },
        "sqlparse": {
            "hashes": [
                "sha256:0c00730c74263a94e5a9919ade150dfc3b19c574389985446148402998287dae",
                "sha256:48719e356bb8b42991bdbb1e8b83223757b93789c00910a616a071910ca4a64d"
            ],
            "version": "==0.4.2"
        },
        "tinycss2": {
            "hashes": [
                "sha256:0353b5234bcaee7b1ac7ca3dea7e02cd338a9f8dcbb8f2dcd32a5795ec1e5f9a",
                "sha256:fbdcac3044d60eb85fdb2aa840ece43cf7dbe798e373e6ee0be545d4d134e18a"
            ],
            "version": "==1.1.0"
        },
        "typing-extensions": {
            "hashes": [
                "sha256:49f75d16ff11f1cd258e1b988ccff82a3ca5570217d7ad8c5f48205dd99a677e",
                "sha256:d8226d10bc02a29bcc81df19a26e56a9647f8b0a6d4a83924139f4a8b01f17b7",
                "sha256:f1d25edafde516b146ecd0613dabcc61409817af4766fbbcfb8d1ad4ec441a34"
            ],
            "markers": "python_version < '3.8'",
            "version": "==3.10.0.2"
        },
        "validate-email": {
            "hashes": [
                "sha256:784719dc5f780be319cdd185dc85dd93afebdb6ebb943811bc4c7c5f9c72aeaf"
            ],
            "index": "pypi",
            "version": "==1.3"
        },
        "weasyprint": {
            "hashes": [
                "sha256:4fe80efdbc533d8083145f065e0eae8b9ecffa9b689b457ca9faf6f98f5548f9",
                "sha256:eab32acf81d14b6626e5e180c7f03b925ece915a69b314ce3061a0f3ec6bf9da"
            ],
            "index": "pypi",
            "version": "==53.3"
        },
        "webencodings": {
            "hashes": [
                "sha256:a0af1213f3c2226497a97e2b3aa01a7e4bee4f403f95be16fc9acd2947514a78",
                "sha256:b36a1c245f2d304965eb4e0a82848379241dc04b865afcc4aab16748587e1923"
            ],
            "version": "==0.5.1"
        },
        "zopfli": {
            "hashes": [
                "sha256:2002fe515c5f27b02d93f3204a0b6eb11dec29c29147a2ecb9f9f191d36aa426",
                "sha256:2d0bbbb8266a88432c9e332093990cf72878eddf6dc78332d46e80f60b8a3a9f",
                "sha256:3bcdc372e77d67742fba8c7050d7849c46d140fefce28fc6dca18cc79e88e7c9",
                "sha256:50dde491abc6f74460ffc1b455d6ac5f0a387e58d7323a3247fef43414d1c5fb",
                "sha256:520ad50a06d95ca2e6989b0e336801d62085dfe64be6ae74c4673e86c57f7502",
                "sha256:5227f7622e5fd16ea6b54e2b4dcf9a668847cddef953ec7a73e6e61c21fa91ef",
                "sha256:5eab189be51cb57abff70ef83504bf617160a45513641cacb2f79141d81e05ab",
                "sha256:6604a84dbe055a52628b793bd36f760fcd38424abf042ad7a643a7599c09065d",
                "sha256:774efff28da20be478f4a72ea3dfacf72332ef4f16dbfddfbe84e6b3db4e1711",
                "sha256:874c3c291ddc494151d2d3aadf5d0aa28855bb091c96b3926a2ac94e07de08f0",
                "sha256:8a4b2131a8736aa7877e8c008c63b0640624e672c2756dbeea6e231da426ec38",
                "sha256:8b0c9ead3c78255e80426189a2a0635c51b2c3a34b479bf9bce29ea0758d159c",
                "sha256:8b977dc07e3797907ab59e08096583bcd0b7e6c739849fbbeec09263f6356623",
                "sha256:a554867379ed9bbdad434e383f646c7294c8a74b602b30887b88f9479129f81d",
                "sha256:b24c6f0515e763b438e4fb4f94cc618f507dde750b600a02bb5b6028683168a7",
                "sha256:b3b2249a5bb750136f26a3482b95653d44d274bff24b0e80aa6671cd86f5b9ba",
                "sha256:be2c5588e6e4c608f95eafac1bd44079e665e86505a9ea53311989ecb7befc9c",
                "sha256:be2f6cb8b80fc9b5b10a4ed2b7b56f0afac5dbd0d08590d62f0d6ea51f6533e7",
                "sha256:c010874adb526cfb022d0be8012e24ce5b83f8306c1b86d8886f8b29ffd5e625",
                "sha256:c1e7b6d6be03af37a5ef828a671db8416d465511d63b4f2da43cc11f9c028402",
                "sha256:c5b27c9293f87e37ce857f2b7adb89cb3e6dd45683f63f5188b763cdee78bab7",
                "sha256:c756f4fa24c1140a814506bddbf93e37c6702c433eb9aaf582f35592c56b9a1e",
                "sha256:cb01c42c7636ba65e9e25d0659df5ce71ffc48c292170e9c1203ed255f5ec74a",
                "sha256:d813243570ad232bfd082b52548f37963af29e72f8e98ba168979f8f2812afae",
                "sha256:d913589d7b98c965da3ba10e851506ece0dbd8aa098429a6496d863f71c2b3fd",
                "sha256:f2999d9f8edea7e38e5b7f81eb867e3b8a8fa3efbe3f9d85927367b91d466b82",
                "sha256:f4e595bac3dbfec797684fdd2686d98440843918e27cfa507df6b59ab7b33d09",
                "sha256:fe89cf31b2bf4456b7265f48ecb3b91bfdedd1e63714a3bae37157c205f439e9"
            ],
            "version": "==0.1.8"
        }
    },
    "develop": {}
}
